
Microsoft Visual Studio Solution File, Format Version 12.00
# Visual Studio Version 16
VisualStudioVersion = 16.0.31515.178
MinimumVisualStudioVersion = 10.0.40219.1
Project("{888888A0-9F3D-457C-B088-3A5042F75D52}") = "TemperatureConversion", "TemperatureConversion.pyproj", "{9C0AA8DB-9C8B-41E0-B683-03CAE4AA7EBC}"
EndProject
Global
	GlobalSection(SolutionConfigurationPlatforms) = preSolution
		Debug|Any CPU = Debug|Any CPU
		Release|Any CPU = Release|Any CPU
	EndGlobalSection
	GlobalSection(ProjectConfigurationPlatforms) = postSolution
		{9C0AA8DB-9C8B-41E0-B683-03CAE4AA7EBC}.Debug|Any CPU.ActiveCfg = Debug|Any CPU
		{9C0AA8DB-9C8B-41E0-B683-03CAE4AA7EBC}.Release|Any CPU.ActiveCfg = Release|Any CPU
	EndGlobalSection
	GlobalSection(SolutionProperties) = preSolution
		HideSolutionNode = FALSE
	EndGlobalSection
	GlobalSection(ExtensibilityGlobals) = postSolution
		SolutionGuid = {99812AAF-057E-4E6B-A757-6743702B6A1F}
	EndGlobalSection
EndGlobal
